// !$*UTF8*$!
{
	archiveVersion = 1;
	classes = {
	};
	objectVersion = 46;
	objects = {

/* Begin PBXBuildFile section */
		0518F17520795EEE0049558A /* spaceSpriteSheet.png in Resources */ = {isa = PBXBuildFile; fileRef = 0518F17420795EEE0049558A /* spaceSpriteSheet.png */; };
		0518F18A208EF0B30049558A /* woodSpriteSheet.png in Resources */ = {isa = PBXBuildFile; fileRef = 0518F189208EF0B30049558A /* woodSpriteSheet.png */; };
		0518F18C208EF0CA0049558A /* itemSpriteSheet.png in Resources */ = {isa = PBXBuildFile; fileRef = 0518F18B208EF0CA0049558A /* itemSpriteSheet.png */; };
		0518F18E208F11A40049558A /* font1.png in Resources */ = {isa = PBXBuildFile; fileRef = 0518F18D208F11A40049558A /* font1.png */; };
		0518F190208FB0840049558A /* alienGreen.png in Resources */ = {isa = PBXBuildFile; fileRef = 0518F18F208FB0840049558A /* alienGreen.png */; };
		0518F19220900A000049558A /* p1_front.png in Resources */ = {isa = PBXBuildFile; fileRef = 0518F19120900A000049558A /* p1_front.png */; };
		0518F19420900E0D0049558A /* p1_jump.png in Resources */ = {isa = PBXBuildFile; fileRef = 0518F19320900E0D0049558A /* p1_jump.png */; };
		0518F1962090165E0049558A /* p1_spritesheet.png in Resources */ = {isa = PBXBuildFile; fileRef = 0518F1952090165E0049558A /* p1_spritesheet.png */; };
		0518F198209029D20049558A /* enemies_spritesheet.png in Resources */ = {isa = PBXBuildFile; fileRef = 0518F197209029D20049558A /* enemies_spritesheet.png */; };
		0518F19A20902C110049558A /* blockerBody.png in Resources */ = {isa = PBXBuildFile; fileRef = 0518F19920902C110049558A /* blockerBody.png */; };
		0518F19C20902DF90049558A /* blockerMad.png in Resources */ = {isa = PBXBuildFile; fileRef = 0518F19B20902DF90049558A /* blockerMad.png */; };
		0518F19E2090437A0049558A /* bg_castle.png in Resources */ = {isa = PBXBuildFile; fileRef = 0518F19D2090437A0049558A /* bg_castle.png */; };
		0518F1A0209196470049558A /* p1_walk.png in Resources */ = {isa = PBXBuildFile; fileRef = 0518F19F209196470049558A /* p1_walk.png */; };
		0518F1A62091A1730049558A /* p1_walk04.png in Resources */ = {isa = PBXBuildFile; fileRef = 0518F1A12091A1730049558A /* p1_walk04.png */; };
		0518F1A72091A1730049558A /* p1_walk05.png in Resources */ = {isa = PBXBuildFile; fileRef = 0518F1A22091A1730049558A /* p1_walk05.png */; };
		0518F1A82091A1730049558A /* p1_walk03.png in Resources */ = {isa = PBXBuildFile; fileRef = 0518F1A32091A1730049558A /* p1_walk03.png */; };
		0518F1A92091A1730049558A /* p1_walk06.png in Resources */ = {isa = PBXBuildFile; fileRef = 0518F1A42091A1730049558A /* p1_walk06.png */; };
		0518F1AA2091A1730049558A /* p1_walk07.png in Resources */ = {isa = PBXBuildFile; fileRef = 0518F1A52091A1730049558A /* p1_walk07.png */; };
		0518F1B82091AAE30049558A /* mainBG.png in Resources */ = {isa = PBXBuildFile; fileRef = 0518F1B72091AAE20049558A /* mainBG.png */; };
		0518F1BA2091AB8A0049558A /* level1BG.png in Resources */ = {isa = PBXBuildFile; fileRef = 0518F1B92091AB8A0049558A /* level1BG.png */; };
		0518F1BC2091AF0F0049558A /* level2BG.png in Resources */ = {isa = PBXBuildFile; fileRef = 0518F1BB2091AF0F0049558A /* level2BG.png */; };
		0518F1BE2091AF510049558A /* level3BG.png in Resources */ = {isa = PBXBuildFile; fileRef = 0518F1BD2091AF510049558A /* level3BG.png */; };
		0518F1C02092631F0049558A /* snail.png in Resources */ = {isa = PBXBuildFile; fileRef = 0518F1BF2092631F0049558A /* snail.png */; };
		0518F1C220926C970049558A /* snailWalk1.png in Resources */ = {isa = PBXBuildFile; fileRef = 0518F1C120926C970049558A /* snailWalk1.png */; };
		0518F1C420926E810049558A /* snailWalk2.png in Resources */ = {isa = PBXBuildFile; fileRef = 0518F1C320926E810049558A /* snailWalk2.png */; };
		0518F1C620927BFA0049558A /* snailShell.png in Resources */ = {isa = PBXBuildFile; fileRef = 0518F1C520927BF90049558A /* snailShell.png */; };
		0518F1C9209595A10049558A /* Vector3.cpp in Sources */ = {isa = PBXBuildFile; fileRef = 0518F1C7209595A10049558A /* Vector3.cpp */; };
		0518F1CD209664E20049558A /* SheetSprite.cpp in Sources */ = {isa = PBXBuildFile; fileRef = 0518F1CB209664E20049558A /* SheetSprite.cpp */; };
		0518F1D0209666460049558A /* Entity_untextured.cpp in Sources */ = {isa = PBXBuildFile; fileRef = 0518F1CF209666460049558A /* Entity_untextured.cpp */; };
		0518F1D32096E0480049558A /* level.png in Resources */ = {isa = PBXBuildFile; fileRef = 0518F1D22096E0470049558A /* level.png */; };
		0518F1D52096E0C90049558A /* level2.png in Resources */ = {isa = PBXBuildFile; fileRef = 0518F1D42096E0C90049558A /* level2.png */; };
		0518F1D72096E0DF0049558A /* level3.png in Resources */ = {isa = PBXBuildFile; fileRef = 0518F1D62096E0DF0049558A /* level3.png */; };
		0518F1D92096E1090049558A /* level1.png in Resources */ = {isa = PBXBuildFile; fileRef = 0518F1D82096E1090049558A /* level1.png */; };
		0518F1DB20997F6A0049558A /* flyFly1.png in Resources */ = {isa = PBXBuildFile; fileRef = 0518F1DA20997F690049558A /* flyFly1.png */; };
		0518F1DD20997F700049558A /* flyFly2.png in Resources */ = {isa = PBXBuildFile; fileRef = 0518F1DC20997F700049558A /* flyFly2.png */; };
		0518F1DF209FBA490049558A /* light.cpp in Sources */ = {isa = PBXBuildFile; fileRef = 0518F1DE209FBA490049558A /* light.cpp */; };
		0518F1E2209FF4C20049558A /* SDL2_mixer.framework in Frameworks */ = {isa = PBXBuildFile; fileRef = 0518F1E1209FF4C20049558A /* SDL2_mixer.framework */; };
		0518F1E5209FF5D00049558A /* level1.WAV in Resources */ = {isa = PBXBuildFile; fileRef = 0518F1E4209FF5D00049558A /* level1.WAV */; };
		0518F1E9209FFEC50049558A /* jump.wav in Resources */ = {isa = PBXBuildFile; fileRef = 0518F1E8209FFEC40049558A /* jump.wav */; };
		0518F1EB20A001600049558A /* scream.wav in Resources */ = {isa = PBXBuildFile; fileRef = 0518F1EA20A001600049558A /* scream.wav */; };
		0518F1F320A02C490049558A /* Entity.cpp in Sources */ = {isa = PBXBuildFile; fileRef = 0518F1F220A02C490049558A /* Entity.cpp */; };
		0518F1FA20A1359F0049558A /* fire2.png in Resources */ = {isa = PBXBuildFile; fileRef = 0518F1F920A1359F0049558A /* fire2.png */; };
		0518F1FC20A156600049558A /* lol.wav in Resources */ = {isa = PBXBuildFile; fileRef = 0518F1FB20A1565F0049558A /* lol.wav */; };
		6D5A86AE19AE5C710066C1FD /* Cocoa.framework in Frameworks */ = {isa = PBXBuildFile; fileRef = 6D5A86AD19AE5C710066C1FD /* Cocoa.framework */; };
		6D5A86B819AE5C710066C1FD /* InfoPlist.strings in Resources */ = {isa = PBXBuildFile; fileRef = 6D5A86B619AE5C710066C1FD /* InfoPlist.strings */; };
		6D5A86BA19AE5C710066C1FD /* main.cpp in Sources */ = {isa = PBXBuildFile; fileRef = 6D5A86B919AE5C710066C1FD /* main.cpp */; };
		6D5A86BE19AE5C710066C1FD /* Credits.rtf in Resources */ = {isa = PBXBuildFile; fileRef = 6D5A86BC19AE5C710066C1FD /* Credits.rtf */; };
		6D5A86C619AE5C710066C1FD /* Images.xcassets in Resources */ = {isa = PBXBuildFile; fileRef = 6D5A86C519AE5C710066C1FD /* Images.xcassets */; };
		6D5A86E319AE5CD10066C1FD /* SDL2.framework in Frameworks */ = {isa = PBXBuildFile; fileRef = 6D5A86E219AE5CD10066C1FD /* SDL2.framework */; };
		6D5AC2D019AE6280004CB1BF /* OpenGL.framework in Frameworks */ = {isa = PBXBuildFile; fileRef = 6D5AC2CF19AE6280004CB1BF /* OpenGL.framework */; };
		6D5AC2D219AE6A1E004CB1BF /* SDL2_image.framework in Frameworks */ = {isa = PBXBuildFile; fileRef = 6D5AC2D119AE6A1E004CB1BF /* SDL2_image.framework */; };
		6DC7076A1BA7273500225B7D /* vertex_textured.glsl in Resources */ = {isa = PBXBuildFile; fileRef = 6DC707691BA7273500225B7D /* vertex_textured.glsl */; };
		6DE9D2F11BA6AB8C002D599C /* fragment_textured.glsl in Resources */ = {isa = PBXBuildFile; fileRef = 6DE9D2F01BA6AB8C002D599C /* fragment_textured.glsl */; };
		6DEF23C11B96CC2600BCE792 /* fragment.glsl in Resources */ = {isa = PBXBuildFile; fileRef = 6DEF23BB1B96CC2600BCE792 /* fragment.glsl */; };
		6DEF23C21B96CC2600BCE792 /* Matrix.cpp in Sources */ = {isa = PBXBuildFile; fileRef = 6DEF23BC1B96CC2600BCE792 /* Matrix.cpp */; };
		6DEF23C31B96CC2600BCE792 /* ShaderProgram.cpp in Sources */ = {isa = PBXBuildFile; fileRef = 6DEF23BE1B96CC2600BCE792 /* ShaderProgram.cpp */; };
		6DEF23C41B96CC2600BCE792 /* vertex.glsl in Resources */ = {isa = PBXBuildFile; fileRef = 6DEF23C01B96CC2600BCE792 /* vertex.glsl */; };
/* End PBXBuildFile section */

/* Begin PBXFileReference section */
		0518F17420795EEE0049558A /* spaceSpriteSheet.png */ = {isa = PBXFileReference; lastKnownFileType = image.png; path = spaceSpriteSheet.png; sourceTree = "<group>"; };
		0518F189208EF0B30049558A /* woodSpriteSheet.png */ = {isa = PBXFileReference; lastKnownFileType = image.png; path = woodSpriteSheet.png; sourceTree = "<group>"; };
		0518F18B208EF0CA0049558A /* itemSpriteSheet.png */ = {isa = PBXFileReference; lastKnownFileType = image.png; path = itemSpriteSheet.png; sourceTree = "<group>"; };
		0518F18D208F11A40049558A /* font1.png */ = {isa = PBXFileReference; lastKnownFileType = image.png; path = font1.png; sourceTree = "<group>"; };
		0518F18F208FB0840049558A /* alienGreen.png */ = {isa = PBXFileReference; lastKnownFileType = image.png; path = alienGreen.png; sourceTree = "<group>"; };
		0518F19120900A000049558A /* p1_front.png */ = {isa = PBXFileReference; lastKnownFileType = image.png; path = p1_front.png; sourceTree = "<group>"; };
		0518F19320900E0D0049558A /* p1_jump.png */ = {isa = PBXFileReference; lastKnownFileType = image.png; path = p1_jump.png; sourceTree = "<group>"; };
		0518F1952090165E0049558A /* p1_spritesheet.png */ = {isa = PBXFileReference; lastKnownFileType = image.png; path = p1_spritesheet.png; sourceTree = "<group>"; };
		0518F197209029D20049558A /* enemies_spritesheet.png */ = {isa = PBXFileReference; lastKnownFileType = image.png; path = enemies_spritesheet.png; sourceTree = "<group>"; };
		0518F19920902C110049558A /* blockerBody.png */ = {isa = PBXFileReference; lastKnownFileType = image.png; path = blockerBody.png; sourceTree = "<group>"; };
		0518F19B20902DF90049558A /* blockerMad.png */ = {isa = PBXFileReference; lastKnownFileType = image.png; path = blockerMad.png; sourceTree = "<group>"; };
		0518F19D2090437A0049558A /* bg_castle.png */ = {isa = PBXFileReference; lastKnownFileType = image.png; path = bg_castle.png; sourceTree = "<group>"; };
		0518F19F209196470049558A /* p1_walk.png */ = {isa = PBXFileReference; lastKnownFileType = image.png; path = p1_walk.png; sourceTree = "<group>"; };
		0518F1A12091A1730049558A /* p1_walk04.png */ = {isa = PBXFileReference; lastKnownFileType = image.png; path = p1_walk04.png; sourceTree = "<group>"; };
		0518F1A22091A1730049558A /* p1_walk05.png */ = {isa = PBXFileReference; lastKnownFileType = image.png; path = p1_walk05.png; sourceTree = "<group>"; };
		0518F1A32091A1730049558A /* p1_walk03.png */ = {isa = PBXFileReference; lastKnownFileType = image.png; path = p1_walk03.png; sourceTree = "<group>"; };
		0518F1A42091A1730049558A /* p1_walk06.png */ = {isa = PBXFileReference; lastKnownFileType = image.png; path = p1_walk06.png; sourceTree = "<group>"; };
		0518F1A52091A1730049558A /* p1_walk07.png */ = {isa = PBXFileReference; lastKnownFileType = image.png; path = p1_walk07.png; sourceTree = "<group>"; };
		0518F1B72091AAE20049558A /* mainBG.png */ = {isa = PBXFileReference; lastKnownFileType = image.png; path = mainBG.png; sourceTree = "<group>"; };
		0518F1B92091AB8A0049558A /* level1BG.png */ = {isa = PBXFileReference; lastKnownFileType = image.png; path = level1BG.png; sourceTree = "<group>"; };
		0518F1BB2091AF0F0049558A /* level2BG.png */ = {isa = PBXFileReference; lastKnownFileType = image.png; path = level2BG.png; sourceTree = "<group>"; };
		0518F1BD2091AF510049558A /* level3BG.png */ = {isa = PBXFileReference; lastKnownFileType = image.png; path = level3BG.png; sourceTree = "<group>"; };
		0518F1BF2092631F0049558A /* snail.png */ = {isa = PBXFileReference; lastKnownFileType = image.png; path = snail.png; sourceTree = "<group>"; };
		0518F1C120926C970049558A /* snailWalk1.png */ = {isa = PBXFileReference; lastKnownFileType = image.png; path = snailWalk1.png; sourceTree = "<group>"; };
		0518F1C320926E810049558A /* snailWalk2.png */ = {isa = PBXFileReference; lastKnownFileType = image.png; path = snailWalk2.png; sourceTree = "<group>"; };
		0518F1C520927BF90049558A /* snailShell.png */ = {isa = PBXFileReference; lastKnownFileType = image.png; path = snailShell.png; sourceTree = "<group>"; };
		0518F1C7209595A10049558A /* Vector3.cpp */ = {isa = PBXFileReference; lastKnownFileType = sourcecode.cpp.cpp; path = Vector3.cpp; sourceTree = "<group>"; };
		0518F1CA209595D70049558A /* Vector3.h */ = {isa = PBXFileReference; lastKnownFileType = sourcecode.c.h; path = Vector3.h; sourceTree = "<group>"; };
		0518F1CB209664E20049558A /* SheetSprite.cpp */ = {isa = PBXFileReference; lastKnownFileType = sourcecode.cpp.cpp; path = SheetSprite.cpp; sourceTree = "<group>"; };
		0518F1CE209664FA0049558A /* SheetSprite.h */ = {isa = PBXFileReference; lastKnownFileType = sourcecode.c.h; path = SheetSprite.h; sourceTree = "<group>"; };
		0518F1CF209666460049558A /* Entity_untextured.cpp */ = {isa = PBXFileReference; lastKnownFileType = sourcecode.cpp.cpp; path = Entity_untextured.cpp; sourceTree = "<group>"; };
		0518F1D1209666570049558A /* Entity_untextured.h */ = {isa = PBXFileReference; lastKnownFileType = sourcecode.c.h; path = Entity_untextured.h; sourceTree = "<group>"; };
		0518F1D22096E0470049558A /* level.png */ = {isa = PBXFileReference; lastKnownFileType = image.png; path = level.png; sourceTree = "<group>"; };
		0518F1D42096E0C90049558A /* level2.png */ = {isa = PBXFileReference; lastKnownFileType = image.png; path = level2.png; sourceTree = "<group>"; };
		0518F1D62096E0DF0049558A /* level3.png */ = {isa = PBXFileReference; lastKnownFileType = image.png; path = level3.png; sourceTree = "<group>"; };
		0518F1D82096E1090049558A /* level1.png */ = {isa = PBXFileReference; lastKnownFileType = image.png; path = level1.png; sourceTree = "<group>"; };
		0518F1DA20997F690049558A /* flyFly1.png */ = {isa = PBXFileReference; lastKnownFileType = image.png; path = flyFly1.png; sourceTree = "<group>"; };
		0518F1DC20997F700049558A /* flyFly2.png */ = {isa = PBXFileReference; lastKnownFileType = image.png; path = flyFly2.png; sourceTree = "<group>"; };
		0518F1DE209FBA490049558A /* light.cpp */ = {isa = PBXFileReference; lastKnownFileType = sourcecode.cpp.cpp; path = light.cpp; sourceTree = "<group>"; };
		0518F1E0209FBA550049558A /* light.h */ = {isa = PBXFileReference; lastKnownFileType = sourcecode.c.h; path = light.h; sourceTree = "<group>"; };
		0518F1E1209FF4C20049558A /* SDL2_mixer.framework */ = {isa = PBXFileReference; lastKnownFileType = wrapper.framework; path = SDL2_mixer.framework; sourceTree = "<group>"; };
		0518F1E3209FF4D30049558A /* SDL_mixer.h */ = {isa = PBXFileReference; lastKnownFileType = sourcecode.c.h; path = SDL_mixer.h; sourceTree = "<group>"; };
		0518F1E4209FF5D00049558A /* level1.WAV */ = {isa = PBXFileReference; lastKnownFileType = audio.wav; path = level1.WAV; sourceTree = "<group>"; };
		0518F1E8209FFEC40049558A /* jump.wav */ = {isa = PBXFileReference; lastKnownFileType = audio.wav; path = jump.wav; sourceTree = "<group>"; };
		0518F1EA20A001600049558A /* scream.wav */ = {isa = PBXFileReference; lastKnownFileType = audio.wav; path = scream.wav; sourceTree = "<group>"; };
		0518F1F220A02C490049558A /* Entity.cpp */ = {isa = PBXFileReference; lastKnownFileType = sourcecode.cpp.cpp; path = Entity.cpp; sourceTree = "<group>"; };
		0518F1F420A02C590049558A /* Entity.h */ = {isa = PBXFileReference; lastKnownFileType = sourcecode.c.h; path = Entity.h; sourceTree = "<group>"; };
		0518F1F820A03BE10049558A /* test.h */ = {isa = PBXFileReference; lastKnownFileType = sourcecode.c.h; path = test.h; sourceTree = "<group>"; };
		0518F1F920A1359F0049558A /* fire2.png */ = {isa = PBXFileReference; lastKnownFileType = image.png; path = fire2.png; sourceTree = "<group>"; };
		0518F1FB20A1565F0049558A /* lol.wav */ = {isa = PBXFileReference; lastKnownFileType = audio.wav; path = lol.wav; sourceTree = "<group>"; };
		6D5A86AA19AE5C710066C1FD /* NYUCodebase.app */ = {isa = PBXFileReference; explicitFileType = wrapper.application; includeInIndex = 0; path = NYUCodebase.app; sourceTree = BUILT_PRODUCTS_DIR; };
		6D5A86AD19AE5C710066C1FD /* Cocoa.framework */ = {isa = PBXFileReference; lastKnownFileType = wrapper.framework; name = Cocoa.framework; path = System/Library/Frameworks/Cocoa.framework; sourceTree = SDKROOT; };
		6D5A86B019AE5C710066C1FD /* AppKit.framework */ = {isa = PBXFileReference; lastKnownFileType = wrapper.framework; name = AppKit.framework; path = System/Library/Frameworks/AppKit.framework; sourceTree = SDKROOT; };
		6D5A86B119AE5C710066C1FD /* CoreData.framework */ = {isa = PBXFileReference; lastKnownFileType = wrapper.framework; name = CoreData.framework; path = System/Library/Frameworks/CoreData.framework; sourceTree = SDKROOT; };
		6D5A86B219AE5C710066C1FD /* Foundation.framework */ = {isa = PBXFileReference; lastKnownFileType = wrapper.framework; name = Foundation.framework; path = System/Library/Frameworks/Foundation.framework; sourceTree = SDKROOT; };
		6D5A86B519AE5C710066C1FD /* NYUCodebase-Info.plist */ = {isa = PBXFileReference; lastKnownFileType = text.plist.xml; path = "NYUCodebase-Info.plist"; sourceTree = "<group>"; };
		6D5A86B719AE5C710066C1FD /* en */ = {isa = PBXFileReference; lastKnownFileType = text.plist.strings; name = en; path = en.lproj/InfoPlist.strings; sourceTree = "<group>"; };
		6D5A86B919AE5C710066C1FD /* main.cpp */ = {isa = PBXFileReference; lastKnownFileType = sourcecode.cpp.cpp; path = main.cpp; sourceTree = "<group>"; };
		6D5A86BD19AE5C710066C1FD /* en */ = {isa = PBXFileReference; lastKnownFileType = text.rtf; name = en; path = en.lproj/Credits.rtf; sourceTree = "<group>"; };
		6D5A86C519AE5C710066C1FD /* Images.xcassets */ = {isa = PBXFileReference; lastKnownFileType = folder.assetcatalog; path = Images.xcassets; sourceTree = "<group>"; };
		6D5A86D319AE5C710066C1FD /* NYUCodebaseTests-Info.plist */ = {isa = PBXFileReference; lastKnownFileType = text.plist.xml; path = "NYUCodebaseTests-Info.plist"; sourceTree = "<group>"; };
		6D5A86D519AE5C710066C1FD /* en */ = {isa = PBXFileReference; lastKnownFileType = text.plist.strings; name = en; path = en.lproj/InfoPlist.strings; sourceTree = "<group>"; };
		6D5A86E219AE5CD10066C1FD /* SDL2.framework */ = {isa = PBXFileReference; lastKnownFileType = wrapper.framework; name = SDL2.framework; path = ../../../../../../../../Library/Frameworks/SDL2.framework; sourceTree = "<group>"; };
		6D5AC2CF19AE6280004CB1BF /* OpenGL.framework */ = {isa = PBXFileReference; lastKnownFileType = wrapper.framework; name = OpenGL.framework; path = System/Library/Frameworks/OpenGL.framework; sourceTree = SDKROOT; };
		6D5AC2D119AE6A1E004CB1BF /* SDL2_image.framework */ = {isa = PBXFileReference; lastKnownFileType = wrapper.framework; name = SDL2_image.framework; path = ../../../../../../../../Library/Frameworks/SDL2_image.framework; sourceTree = "<group>"; };
		6DC707691BA7273500225B7D /* vertex_textured.glsl */ = {isa = PBXFileReference; fileEncoding = 4; lastKnownFileType = text; path = vertex_textured.glsl; sourceTree = "<group>"; };
		6DE9D2F01BA6AB8C002D599C /* fragment_textured.glsl */ = {isa = PBXFileReference; fileEncoding = 4; lastKnownFileType = text; path = fragment_textured.glsl; sourceTree = "<group>"; };
		6DEF23BB1B96CC2600BCE792 /* fragment.glsl */ = {isa = PBXFileReference; fileEncoding = 4; lastKnownFileType = text; path = fragment.glsl; sourceTree = "<group>"; };
		6DEF23BC1B96CC2600BCE792 /* Matrix.cpp */ = {isa = PBXFileReference; fileEncoding = 4; lastKnownFileType = sourcecode.cpp.cpp; path = Matrix.cpp; sourceTree = "<group>"; };
		6DEF23BD1B96CC2600BCE792 /* Matrix.h */ = {isa = PBXFileReference; fileEncoding = 4; lastKnownFileType = sourcecode.c.h; path = Matrix.h; sourceTree = "<group>"; };
		6DEF23BE1B96CC2600BCE792 /* ShaderProgram.cpp */ = {isa = PBXFileReference; fileEncoding = 4; lastKnownFileType = sourcecode.cpp.cpp; path = ShaderProgram.cpp; sourceTree = "<group>"; };
		6DEF23BF1B96CC2600BCE792 /* ShaderProgram.h */ = {isa = PBXFileReference; fileEncoding = 4; lastKnownFileType = sourcecode.c.h; path = ShaderProgram.h; sourceTree = "<group>"; };
		6DEF23C01B96CC2600BCE792 /* vertex.glsl */ = {isa = PBXFileReference; fileEncoding = 4; lastKnownFileType = text; path = vertex.glsl; sourceTree = "<group>"; };
/* End PBXFileReference section */

/* Begin PBXFrameworksBuildPhase section */
		6D5A86A719AE5C710066C1FD /* Frameworks */ = {
			isa = PBXFrameworksBuildPhase;
			buildActionMask = 2147483647;
			files = (
				6D5AC2D019AE6280004CB1BF /* OpenGL.framework in Frameworks */,
				0518F1E2209FF4C20049558A /* SDL2_mixer.framework in Frameworks */,
				6D5A86AE19AE5C710066C1FD /* Cocoa.framework in Frameworks */,
				6D5A86E319AE5CD10066C1FD /* SDL2.framework in Frameworks */,
				6D5AC2D219AE6A1E004CB1BF /* SDL2_image.framework in Frameworks */,
			);
			runOnlyForDeploymentPostprocessing = 0;
		};
/* End PBXFrameworksBuildPhase section */

/* Begin PBXGroup section */
		6D5A86A119AE5C710066C1FD = {
			isa = PBXGroup;
			children = (
				6D5A86B319AE5C710066C1FD /* NYUCodebase */,
				6D5A86D119AE5C710066C1FD /* NYUCodebaseTests */,
				6D5A86AC19AE5C710066C1FD /* Frameworks */,
				6D5A86AB19AE5C710066C1FD /* Products */,
			);
			sourceTree = "<group>";
		};
		6D5A86AB19AE5C710066C1FD /* Products */ = {
			isa = PBXGroup;
			children = (
				6D5A86AA19AE5C710066C1FD /* NYUCodebase.app */,
			);
			name = Products;
			sourceTree = "<group>";
		};
		6D5A86AC19AE5C710066C1FD /* Frameworks */ = {
			isa = PBXGroup;
			children = (
				0518F1E1209FF4C20049558A /* SDL2_mixer.framework */,
				6D5AC2D119AE6A1E004CB1BF /* SDL2_image.framework */,
				6D5AC2CF19AE6280004CB1BF /* OpenGL.framework */,
				6D5A86E219AE5CD10066C1FD /* SDL2.framework */,
				6D5A86AD19AE5C710066C1FD /* Cocoa.framework */,
				6D5A86AF19AE5C710066C1FD /* Other Frameworks */,
			);
			name = Frameworks;
			sourceTree = "<group>";
		};
		6D5A86AF19AE5C710066C1FD /* Other Frameworks */ = {
			isa = PBXGroup;
			children = (
				6D5A86B019AE5C710066C1FD /* AppKit.framework */,
				6D5A86B119AE5C710066C1FD /* CoreData.framework */,
				6D5A86B219AE5C710066C1FD /* Foundation.framework */,
			);
			name = "Other Frameworks";
			sourceTree = "<group>";
		};
		6D5A86B319AE5C710066C1FD /* NYUCodebase */ = {
			isa = PBXGroup;
			children = (
				6D5A86E119AE5CAA0066C1FD /* Code */,
				6D5A86B419AE5C710066C1FD /* Supporting Files */,
			);
			path = NYUCodebase;
			sourceTree = "<group>";
		};
		6D5A86B419AE5C710066C1FD /* Supporting Files */ = {
			isa = PBXGroup;
			children = (
				6D5A86C519AE5C710066C1FD /* Images.xcassets */,
				6D5A86B519AE5C710066C1FD /* NYUCodebase-Info.plist */,
				6D5A86B619AE5C710066C1FD /* InfoPlist.strings */,
				6D5A86BC19AE5C710066C1FD /* Credits.rtf */,
			);
			name = "Supporting Files";
			sourceTree = "<group>";
		};
		6D5A86D119AE5C710066C1FD /* NYUCodebaseTests */ = {
			isa = PBXGroup;
			children = (
				6D5A86D219AE5C710066C1FD /* Supporting Files */,
			);
			path = NYUCodebaseTests;
			sourceTree = "<group>";
		};
		6D5A86D219AE5C710066C1FD /* Supporting Files */ = {
			isa = PBXGroup;
			children = (
				6D5A86D319AE5C710066C1FD /* NYUCodebaseTests-Info.plist */,
				6D5A86D419AE5C710066C1FD /* InfoPlist.strings */,
			);
			name = "Supporting Files";
			sourceTree = "<group>";
		};
		6D5A86E119AE5CAA0066C1FD /* Code */ = {
			isa = PBXGroup;
			children = (
				6DEF23C01B96CC2600BCE792 /* vertex.glsl */,
				6DEF23BB1B96CC2600BCE792 /* fragment.glsl */,
				6DC707691BA7273500225B7D /* vertex_textured.glsl */,
				6DE9D2F01BA6AB8C002D599C /* fragment_textured.glsl */,
				6D5A86B919AE5C710066C1FD /* main.cpp */,
				0518F1F920A1359F0049558A /* fire2.png */,
				0518F1F820A03BE10049558A /* test.h */,
				0518F1F420A02C590049558A /* Entity.h */,
				0518F1F220A02C490049558A /* Entity.cpp */,
				0518F1E4209FF5D00049558A /* level1.WAV */,
				0518F1EA20A001600049558A /* scream.wav */,
				0518F1FB20A1565F0049558A /* lol.wav */,
				0518F1E8209FFEC40049558A /* jump.wav */,
				6DEF23BD1B96CC2600BCE792 /* Matrix.h */,
				6DEF23BC1B96CC2600BCE792 /* Matrix.cpp */,
				0518F1CA209595D70049558A /* Vector3.h */,
				0518F1C7209595A10049558A /* Vector3.cpp */,
				6DEF23BF1B96CC2600BCE792 /* ShaderProgram.h */,
				6DEF23BE1B96CC2600BCE792 /* ShaderProgram.cpp */,
				0518F1E0209FBA550049558A /* light.h */,
				0518F1DE209FBA490049558A /* light.cpp */,
				0518F1D1209666570049558A /* Entity_untextured.h */,
				0518F1CF209666460049558A /* Entity_untextured.cpp */,
				0518F1CB209664E20049558A /* SheetSprite.cpp */,
				0518F1CE209664FA0049558A /* SheetSprite.h */,
				0518F189208EF0B30049558A /* woodSpriteSheet.png */,
				0518F19120900A000049558A /* p1_front.png */,
				0518F19F209196470049558A /* p1_walk.png */,
				0518F1952090165E0049558A /* p1_spritesheet.png */,
				0518F19320900E0D0049558A /* p1_jump.png */,
				0518F18D208F11A40049558A /* font1.png */,
				0518F197209029D20049558A /* enemies_spritesheet.png */,
				0518F18F208FB0840049558A /* alienGreen.png */,
				0518F19920902C110049558A /* blockerBody.png */,
				0518F19B20902DF90049558A /* blockerMad.png */,
				0518F1A32091A1730049558A /* p1_walk03.png */,
				0518F1A12091A1730049558A /* p1_walk04.png */,
				0518F1A22091A1730049558A /* p1_walk05.png */,
				0518F1A42091A1730049558A /* p1_walk06.png */,
				0518F1A52091A1730049558A /* p1_walk07.png */,
				0518F1DA20997F690049558A /* flyFly1.png */,
				0518F1DC20997F700049558A /* flyFly2.png */,
				0518F1BF2092631F0049558A /* snail.png */,
				0518F1C120926C970049558A /* snailWalk1.png */,
				0518F1C320926E810049558A /* snailWalk2.png */,
				0518F1C520927BF90049558A /* snailShell.png */,
				0518F1D22096E0470049558A /* level.png */,
				0518F1D82096E1090049558A /* level1.png */,
				0518F1D42096E0C90049558A /* level2.png */,
				0518F1D62096E0DF0049558A /* level3.png */,
				0518F1B92091AB8A0049558A /* level1BG.png */,
				0518F1BB2091AF0F0049558A /* level2BG.png */,
				0518F1BD2091AF510049558A /* level3BG.png */,
				0518F1B72091AAE20049558A /* mainBG.png */,
				0518F19D2090437A0049558A /* bg_castle.png */,
				0518F18B208EF0CA0049558A /* itemSpriteSheet.png */,
				0518F17420795EEE0049558A /* spaceSpriteSheet.png */,
				0518F1E3209FF4D30049558A /* SDL_mixer.h */,
			);
			name = Code;
			sourceTree = "<group>";
		};
/* End PBXGroup section */

/* Begin PBXNativeTarget section */
		6D5A86A919AE5C710066C1FD /* NYUCodebase */ = {
			isa = PBXNativeTarget;
			buildConfigurationList = 6D5A86DB19AE5C710066C1FD /* Build configuration list for PBXNativeTarget "NYUCodebase" */;
			buildPhases = (
				6D5A86A619AE5C710066C1FD /* Sources */,
				6D5A86A719AE5C710066C1FD /* Frameworks */,
				6D5A86A819AE5C710066C1FD /* Resources */,
			);
			buildRules = (
			);
			dependencies = (
			);
			name = NYUCodebase;
			productName = NYUCodebase;
			productReference = 6D5A86AA19AE5C710066C1FD /* NYUCodebase.app */;
			productType = "com.apple.product-type.application";
		};
/* End PBXNativeTarget section */

/* Begin PBXProject section */
		6D5A86A219AE5C710066C1FD /* Project object */ = {
			isa = PBXProject;
			attributes = {
				CLASSPREFIX = NYUCB;
				LastUpgradeCheck = 0510;
				ORGANIZATIONNAME = "Ivan Safrin";
			};
			buildConfigurationList = 6D5A86A519AE5C710066C1FD /* Build configuration list for PBXProject "NYUCodebase" */;
			compatibilityVersion = "Xcode 3.2";
			developmentRegion = English;
			hasScannedForEncodings = 0;
			knownRegions = (
				en,
				Base,
			);
			mainGroup = 6D5A86A119AE5C710066C1FD;
			productRefGroup = 6D5A86AB19AE5C710066C1FD /* Products */;
			projectDirPath = "";
			projectRoot = "";
			targets = (
				6D5A86A919AE5C710066C1FD /* NYUCodebase */,
			);
		};
/* End PBXProject section */

/* Begin PBXResourcesBuildPhase section */
		6D5A86A819AE5C710066C1FD /* Resources */ = {
			isa = PBXResourcesBuildPhase;
			buildActionMask = 2147483647;
			files = (
				0518F18E208F11A40049558A /* font1.png in Resources */,
				0518F19220900A000049558A /* p1_front.png in Resources */,
				0518F1BA2091AB8A0049558A /* level1BG.png in Resources */,
				6D5A86B819AE5C710066C1FD /* InfoPlist.strings in Resources */,
				0518F18C208EF0CA0049558A /* itemSpriteSheet.png in Resources */,
				0518F1A82091A1730049558A /* p1_walk03.png in Resources */,
				0518F1962090165E0049558A /* p1_spritesheet.png in Resources */,
				0518F19C20902DF90049558A /* blockerMad.png in Resources */,
				0518F17520795EEE0049558A /* spaceSpriteSheet.png in Resources */,
				6DEF23C11B96CC2600BCE792 /* fragment.glsl in Resources */,
				0518F1BC2091AF0F0049558A /* level2BG.png in Resources */,
				0518F1DB20997F6A0049558A /* flyFly1.png in Resources */,
				0518F19A20902C110049558A /* blockerBody.png in Resources */,
				0518F1FC20A156600049558A /* lol.wav in Resources */,
				0518F1A0209196470049558A /* p1_walk.png in Resources */,
				0518F1C02092631F0049558A /* snail.png in Resources */,
				0518F1E5209FF5D00049558A /* level1.WAV in Resources */,
				0518F1DD20997F700049558A /* flyFly2.png in Resources */,
				0518F1A72091A1730049558A /* p1_walk05.png in Resources */,
				0518F1C620927BFA0049558A /* snailShell.png in Resources */,
				0518F1E9209FFEC50049558A /* jump.wav in Resources */,
				0518F1D52096E0C90049558A /* level2.png in Resources */,
				0518F19E2090437A0049558A /* bg_castle.png in Resources */,
				0518F1C220926C970049558A /* snailWalk1.png in Resources */,
				6DE9D2F11BA6AB8C002D599C /* fragment_textured.glsl in Resources */,
				0518F1D32096E0480049558A /* level.png in Resources */,
				0518F1D92096E1090049558A /* level1.png in Resources */,
				0518F1A62091A1730049558A /* p1_walk04.png in Resources */,
				0518F1B82091AAE30049558A /* mainBG.png in Resources */,
				6D5A86C619AE5C710066C1FD /* Images.xcassets in Resources */,
				0518F19420900E0D0049558A /* p1_jump.png in Resources */,
				0518F1D72096E0DF0049558A /* level3.png in Resources */,
				6D5A86BE19AE5C710066C1FD /* Credits.rtf in Resources */,
				0518F1FA20A1359F0049558A /* fire2.png in Resources */,
				0518F1EB20A001600049558A /* scream.wav in Resources */,
				0518F18A208EF0B30049558A /* woodSpriteSheet.png in Resources */,
				6DEF23C41B96CC2600BCE792 /* vertex.glsl in Resources */,
				0518F1C420926E810049558A /* snailWalk2.png in Resources */,
				6DC7076A1BA7273500225B7D /* vertex_textured.glsl in Resources */,
				0518F1BE2091AF510049558A /* level3BG.png in Resources */,
				0518F1AA2091A1730049558A /* p1_walk07.png in Resources */,
				0518F1A92091A1730049558A /* p1_walk06.png in Resources */,
				0518F190208FB0840049558A /* alienGreen.png in Resources */,
				0518F198209029D20049558A /* enemies_spritesheet.png in Resources */,
			);
			runOnlyForDeploymentPostprocessing = 0;
		};
/* End PBXResourcesBuildPhase section */

/* Begin PBXSourcesBuildPhase section */
		6D5A86A619AE5C710066C1FD /* Sources */ = {
			isa = PBXSourcesBuildPhase;
			buildActionMask = 2147483647;
			files = (
				0518F1F320A02C490049558A /* Entity.cpp in Sources */,
				6DEF23C31B96CC2600BCE792 /* ShaderProgram.cpp in Sources */,
				0518F1CD209664E20049558A /* SheetSprite.cpp in Sources */,
				0518F1C9209595A10049558A /* Vector3.cpp in Sources */,
				6DEF23C21B96CC2600BCE792 /* Matrix.cpp in Sources */,
				0518F1DF209FBA490049558A /* light.cpp in Sources */,
				0518F1D0209666460049558A /* Entity_untextured.cpp in Sources */,
				6D5A86BA19AE5C710066C1FD /* main.cpp in Sources */,
			);
			runOnlyForDeploymentPostprocessing = 0;
		};
/* End PBXSourcesBuildPhase section */

/* Begin PBXVariantGroup section */
		6D5A86B619AE5C710066C1FD /* InfoPlist.strings */ = {
			isa = PBXVariantGroup;
			children = (
				6D5A86B719AE5C710066C1FD /* en */,
			);
			name = InfoPlist.strings;
			sourceTree = "<group>";
		};
		6D5A86BC19AE5C710066C1FD /* Credits.rtf */ = {
			isa = PBXVariantGroup;
			children = (
				6D5A86BD19AE5C710066C1FD /* en */,
			);
			name = Credits.rtf;
			sourceTree = "<group>";
		};
		6D5A86D419AE5C710066C1FD /* InfoPlist.strings */ = {
			isa = PBXVariantGroup;
			children = (
				6D5A86D519AE5C710066C1FD /* en */,
			);
			name = InfoPlist.strings;
			sourceTree = "<group>";
		};
/* End PBXVariantGroup section */

/* Begin XCBuildConfiguration section */
		6D5A86D919AE5C710066C1FD /* Debug */ = {
			isa = XCBuildConfiguration;
			buildSettings = {
				ALWAYS_SEARCH_USER_PATHS = NO;
				CLANG_CXX_LANGUAGE_STANDARD = "gnu++0x";
				CLANG_CXX_LIBRARY = "libc++";
				CLANG_ENABLE_MODULES = YES;
				CLANG_ENABLE_OBJC_ARC = YES;
				CLANG_WARN_BOOL_CONVERSION = YES;
				CLANG_WARN_CONSTANT_CONVERSION = YES;
				CLANG_WARN_DIRECT_OBJC_ISA_USAGE = YES_ERROR;
				CLANG_WARN_EMPTY_BODY = YES;
				CLANG_WARN_ENUM_CONVERSION = YES;
				CLANG_WARN_INT_CONVERSION = YES;
				CLANG_WARN_OBJC_ROOT_CLASS = YES_ERROR;
				CLANG_WARN__DUPLICATE_METHOD_MATCH = YES;
				COPY_PHASE_STRIP = NO;
				GCC_C_LANGUAGE_STANDARD = gnu99;
				GCC_DYNAMIC_NO_PIC = NO;
				GCC_ENABLE_OBJC_EXCEPTIONS = YES;
				GCC_OPTIMIZATION_LEVEL = 0;
				GCC_PREPROCESSOR_DEFINITIONS = (
					"DEBUG=1",
					"$(inherited)",
				);
				GCC_SYMBOLS_PRIVATE_EXTERN = NO;
				GCC_WARN_64_TO_32_BIT_CONVERSION = YES;
				GCC_WARN_ABOUT_RETURN_TYPE = YES_ERROR;
				GCC_WARN_UNDECLARED_SELECTOR = YES;
				GCC_WARN_UNINITIALIZED_AUTOS = YES_AGGRESSIVE;
				GCC_WARN_UNUSED_FUNCTION = YES;
				GCC_WARN_UNUSED_VARIABLE = YES;
				MACOSX_DEPLOYMENT_TARGET = 10.9;
				ONLY_ACTIVE_ARCH = YES;
				SDKROOT = macosx;
			};
			name = Debug;
		};
		6D5A86DA19AE5C710066C1FD /* Release */ = {
			isa = XCBuildConfiguration;
			buildSettings = {
				ALWAYS_SEARCH_USER_PATHS = NO;
				CLANG_CXX_LANGUAGE_STANDARD = "gnu++0x";
				CLANG_CXX_LIBRARY = "libc++";
				CLANG_ENABLE_MODULES = YES;
				CLANG_ENABLE_OBJC_ARC = YES;
				CLANG_WARN_BOOL_CONVERSION = YES;
				CLANG_WARN_CONSTANT_CONVERSION = YES;
				CLANG_WARN_DIRECT_OBJC_ISA_USAGE = YES_ERROR;
				CLANG_WARN_EMPTY_BODY = YES;
				CLANG_WARN_ENUM_CONVERSION = YES;
				CLANG_WARN_INT_CONVERSION = YES;
				CLANG_WARN_OBJC_ROOT_CLASS = YES_ERROR;
				CLANG_WARN__DUPLICATE_METHOD_MATCH = YES;
				COPY_PHASE_STRIP = YES;
				DEBUG_INFORMATION_FORMAT = "dwarf-with-dsym";
				ENABLE_NS_ASSERTIONS = NO;
				GCC_C_LANGUAGE_STANDARD = gnu99;
				GCC_ENABLE_OBJC_EXCEPTIONS = YES;
				GCC_WARN_64_TO_32_BIT_CONVERSION = YES;
				GCC_WARN_ABOUT_RETURN_TYPE = YES_ERROR;
				GCC_WARN_UNDECLARED_SELECTOR = YES;
				GCC_WARN_UNINITIALIZED_AUTOS = YES_AGGRESSIVE;
				GCC_WARN_UNUSED_FUNCTION = YES;
				GCC_WARN_UNUSED_VARIABLE = YES;
				MACOSX_DEPLOYMENT_TARGET = 10.9;
				SDKROOT = macosx;
			};
			name = Release;
		};
		6D5A86DC19AE5C710066C1FD /* Debug */ = {
			isa = XCBuildConfiguration;
			buildSettings = {
				ASSETCATALOG_COMPILER_APPICON_NAME = AppIcon;
				COMBINE_HIDPI_IMAGES = YES;
				FRAMEWORK_SEARCH_PATHS = (
					"$(inherited)",
					"$(LOCAL_LIBRARY_DIR)/Frameworks",
					"$(PROJECT_DIR)",
				);
				GCC_PRECOMPILE_PREFIX_HEADER = YES;
				GCC_PREFIX_HEADER = "";
				HEADER_SEARCH_PATHS = (
					"$(inherited)",
					/Applications/Xcode.app/Contents/Developer/Toolchains/XcodeDefault.xctoolchain/usr/include,
					/Library/Frameworks/SDL2_image.framework/Versions/A/Headers,
					/Library/Frameworks/SDL2.framework/Versions/A/Headers,
					/Library/Frameworks/SDL2_mixer.framework/Versions/A/Headers,
				);
				INFOPLIST_FILE = "NYUCodebase/NYUCodebase-Info.plist";
				PRODUCT_NAME = "$(TARGET_NAME)";
				WRAPPER_EXTENSION = app;
			};
			name = Debug;
		};
		6D5A86DD19AE5C710066C1FD /* Release */ = {
			isa = XCBuildConfiguration;
			buildSettings = {
				ASSETCATALOG_COMPILER_APPICON_NAME = AppIcon;
				COMBINE_HIDPI_IMAGES = YES;
				FRAMEWORK_SEARCH_PATHS = (
					"$(inherited)",
					"$(LOCAL_LIBRARY_DIR)/Frameworks",
					"$(PROJECT_DIR)",
				);
				GCC_PRECOMPILE_PREFIX_HEADER = YES;
				GCC_PREFIX_HEADER = "";
				HEADER_SEARCH_PATHS = (
					"$(inherited)",
					/Applications/Xcode.app/Contents/Developer/Toolchains/XcodeDefault.xctoolchain/usr/include,
					/Library/Frameworks/SDL2_image.framework/Versions/A/Headers,
					/Library/Frameworks/SDL2.framework/Versions/A/Headers,
				);
				INFOPLIST_FILE = "NYUCodebase/NYUCodebase-Info.plist";
				PRODUCT_NAME = "$(TARGET_NAME)";
				WRAPPER_EXTENSION = app;
			};
			name = Release;
		};
/* End XCBuildConfiguration section */

/* Begin XCConfigurationList section */
		6D5A86A519AE5C710066C1FD /* Build configuration list for PBXProject "NYUCodebase" */ = {
			isa = XCConfigurationList;
			buildConfigurations = (
				6D5A86D919AE5C710066C1FD /* Debug */,
				6D5A86DA19AE5C710066C1FD /* Release */,
			);
			defaultConfigurationIsVisible = 0;
			defaultConfigurationName = Release;
		};
		6D5A86DB19AE5C710066C1FD /* Build configuration list for PBXNativeTarget "NYUCodebase" */ = {
			isa = XCConfigurationList;
			buildConfigurations = (
				6D5A86DC19AE5C710066C1FD /* Debug */,
				6D5A86DD19AE5C710066C1FD /* Release */,
			);
			defaultConfigurationIsVisible = 0;
			defaultConfigurationName = Release;
		};
/* End XCConfigurationList section */
	};
	rootObject = 6D5A86A219AE5C710066C1FD /* Project object */;
}
